lockfileVersion: '9.0'

settings:
  autoInstallPeers: true
  excludeLinksFromLockfile: false

importers:

  .:
    dependencies:
      nodemailer:
        specifier: ^8.0.7
        version: 8.0.7
    devDependencies:
      '@types/nodemailer':
        specifier: ^8.0.0
        version: 8.0.0

packages:

  '@types/node@25.6.0':
    resolution: {integrity: sha512-+qIYRKdNYJwY3vRCZMdJbPLJAtGjQBudzZzdzwQYkEPQd+PJGixUL5QfvCLDaULoLv+RhT3LDkwEfKaAkgSmNQ==}

  '@types/nodemailer@8.0.0':
    resolution: {integrity: sha512-fyf8jWULsCo0d0BuoQ75i6IeoHs47qcqxWc7yUdUcV0pOZGjUTTOvwdG1PRXUDqN/8A64yQdQdnA2pZgcdi+cA==}

  nodemailer@8.0.7:
    resolution: {integrity: sha512-pkjE4mkBzQjdJT4/UmlKl3pX0rC9fZmjh7c6C9o7lv66Ac6w9WCnzPzhbPNxwZAzlF4mdq4CSWB5+FbK6FWCow==}
    engines: {node: '>=6.0.0'}

  undici-types@7.19.2:
    resolution: {integrity: sha512-qYVnV5OEm2AW8cJMCpdV20CDyaN3g0AjDlOGf1OW4iaDEx8MwdtChUp4zu4H0VP3nDRF/8RKWH+IPp9uW0YGZg==}

snapshots:

  '@types/node@25.6.0':
    dependencies:
      undici-types: 7.19.2

  '@types/nodemailer@8.0.0':
    dependencies:
      '@types/node': 25.6.0

  nodemailer@8.0.7: {}

  undici-types@7.19.2: {}
