lockfileVersion: '9.0'

settings:
  autoInstallPeers: true
  excludeLinksFromLockfile: false

importers:

  .:
    dependencies:
      stripe:
        specifier: ^22.1.0
        version: 22.1.0

packages:

  stripe@22.1.0:
    resolution: {integrity: sha512-w/xHyJGxXWnLPbNHG13sz/fae0MrFGC80Oz7YbICQymbfpqfEcsoG+6yG+9BWb81PWc4rrkeSO4wmTcmefmbLw==}
    engines: {node: '>=18'}
    peerDependencies:
      '@types/node': '>=18'
    peerDependenciesMeta:
      '@types/node':
        optional: true

snapshots:

  stripe@22.1.0: {}
